
Microsoft Visual Studio Solution File, Format Version 12.00
# Visual Studio Version 17
VisualStudioVersion = 17.2.32526.322
MinimumVisualStudioVersion = 10.0.40219.1
Project("{FAE04EC0-301F-11D3-BF4B-00C04F79EFBC}") = "OguzhanBilgi_Test", "Oguzhan Test\OguzhanBilgi_Test.csproj", "{09B12BAF-F8E5-4CE3-86B4-86A8BC0E1752}"
EndProject
Global
	GlobalSection(SolutionConfigurationPlatforms) = preSolution
		Debug|Any CPU = Debug|Any CPU
		Release|Any CPU = Release|Any CPU
	EndGlobalSection
	GlobalSection(ProjectConfigurationPlatforms) = postSolution
		{09B12BAF-F8E5-4CE3-86B4-86A8BC0E1752}.Debug|Any CPU.ActiveCfg = Debug|Any CPU
		{09B12BAF-F8E5-4CE3-86B4-86A8BC0E1752}.Debug|Any CPU.Build.0 = Debug|Any CPU
		{09B12BAF-F8E5-4CE3-86B4-86A8BC0E1752}.Release|Any CPU.ActiveCfg = Release|Any CPU
		{09B12BAF-F8E5-4CE3-86B4-86A8BC0E1752}.Release|Any CPU.Build.0 = Release|Any CPU
	EndGlobalSection
	GlobalSection(SolutionProperties) = preSolution
		HideSolutionNode = FALSE
	EndGlobalSection
	GlobalSection(ExtensibilityGlobals) = postSolution
		SolutionGuid = {88C1E3F0-9A98-4259-98D4-50E2E34E81F5}
	EndGlobalSection
EndGlobal
